
Microsoft Visual Studio Solution File, Format Version 12.00
# Visual Studio Version 16
VisualStudioVersion = 16.0.29411.108
MinimumVisualStudioVersion = 10.0.40219.1
Project("{FAE04EC0-301F-11D3-BF4B-00C04F79EFBC}") = "Translator", "Translator.csproj", "{F7BCA2DD-C8D7-4EE1-84D3-1A5A4E304C71}"
EndProject
Global
	GlobalSection(SolutionConfigurationPlatforms) = preSolution
		Debug|Any CPU = Debug|Any CPU
		Release|Any CPU = Release|Any CPU
	EndGlobalSection
	GlobalSection(ProjectConfigurationPlatforms) = postSolution
		{F7BCA2DD-C8D7-4EE1-84D3-1A5A4E304C71}.Debug|Any CPU.ActiveCfg = Debug|Any CPU
		{F7BCA2DD-C8D7-4EE1-84D3-1A5A4E304C71}.Debug|Any CPU.Build.0 = Debug|Any CPU
		{F7BCA2DD-C8D7-4EE1-84D3-1A5A4E304C71}.Release|Any CPU.ActiveCfg = Release|Any CPU
		{F7BCA2DD-C8D7-4EE1-84D3-1A5A4E304C71}.Release|Any CPU.Build.0 = Release|Any CPU
	EndGlobalSection
	GlobalSection(SolutionProperties) = preSolution
		HideSolutionNode = FALSE
	EndGlobalSection
	GlobalSection(ExtensibilityGlobals) = postSolution
		SolutionGuid = {81E9780B-BF10-4FFD-9875-E89F6FCBE4F2}
	EndGlobalSection
EndGlobal
